
Microsoft Visual Studio Solution File, Format Version 12.00
# Visual Studio Version 17
VisualStudioVersion = 17.4.33122.133
MinimumVisualStudioVersion = 10.0.40219.1
Project("{FAE04EC0-301F-11D3-BF4B-00C04F79EFBC}") = "Кубик рубика", "Кубик рубика\Кубик рубика.csproj", "{55FD4AE5-2FA0-4161-9445-B7C3E27A8490}"
EndProject
Global
	GlobalSection(SolutionConfigurationPlatforms) = preSolution
		Debug|Any CPU = Debug|Any CPU
		Release|Any CPU = Release|Any CPU
	EndGlobalSection
	GlobalSection(ProjectConfigurationPlatforms) = postSolution
		{55FD4AE5-2FA0-4161-9445-B7C3E27A8490}.Debug|Any CPU.ActiveCfg = Debug|Any CPU
		{55FD4AE5-2FA0-4161-9445-B7C3E27A8490}.Debug|Any CPU.Build.0 = Debug|Any CPU
		{55FD4AE5-2FA0-4161-9445-B7C3E27A8490}.Release|Any CPU.ActiveCfg = Release|Any CPU
		{55FD4AE5-2FA0-4161-9445-B7C3E27A8490}.Release|Any CPU.Build.0 = Release|Any CPU
	EndGlobalSection
	GlobalSection(SolutionProperties) = preSolution
		HideSolutionNode = FALSE
	EndGlobalSection
	GlobalSection(ExtensibilityGlobals) = postSolution
		SolutionGuid = {3E2B7101-E274-42FF-8161-276347125E20}
	EndGlobalSection
EndGlobal
